
Microsoft Visual Studio Solution File, Format Version 12.00
# Visual Studio Version 16
VisualStudioVersion = 16.0.31729.503
MinimumVisualStudioVersion = 10.0.40219.1
Project("{FAE04EC0-301F-11D3-BF4B-00C04F79EFBC}") = "InsertCreatorII", "InsertCreatorII\InsertCreatorII.csproj", "{08175C25-FF7E-421F-995E-499713E6363C}"
EndProject
Global
	GlobalSection(SolutionConfigurationPlatforms) = preSolution
		Debug|Any CPU = Debug|Any CPU
		Release|Any CPU = Release|Any CPU
	EndGlobalSection
	GlobalSection(ProjectConfigurationPlatforms) = postSolution
		{08175C25-FF7E-421F-995E-499713E6363C}.Debug|Any CPU.ActiveCfg = Debug|Any CPU
		{08175C25-FF7E-421F-995E-499713E6363C}.Debug|Any CPU.Build.0 = Debug|Any CPU
		{08175C25-FF7E-421F-995E-499713E6363C}.Release|Any CPU.ActiveCfg = Release|Any CPU
		{08175C25-FF7E-421F-995E-499713E6363C}.Release|Any CPU.Build.0 = Release|Any CPU
	EndGlobalSection
	GlobalSection(SolutionProperties) = preSolution
		HideSolutionNode = FALSE
	EndGlobalSection
	GlobalSection(ExtensibilityGlobals) = postSolution
		SolutionGuid = {3089594D-0BA7-47D0-8BE4-59F8B9AF9B7B}
	EndGlobalSection
EndGlobal
